# This file is automatically @generated by Cargo.
# It is not intended for manual editing.
version = 4

[[package]]
name = "console_input"
version = "0.1.0"

[[package]]
name = "greet"
version = "0.1.0"

[[package]]
name = "hello_world"
version = "0.1.0"

[[package]]
name = "top_level"
version = "0.1.0"
